// !$*UTF8*$!
{
	archiveVersion = 1;
	classes = {
	};
	objectVersion = 46;
	objects = {

/* Begin PBXBuildFile section */
		E72709221BC528880020C0FD /* EAIntroPage.m in Sources */ = {isa = PBXBuildFile; fileRef = E727091F1BC528880020C0FD /* EAIntroPage.m */; settings = {ASSET_TAGS = (); }; };
		E72709231BC528880020C0FD /* EAIntroView.m in Sources */ = {isa = PBXBuildFile; fileRef = E72709211BC528880020C0FD /* EAIntroView.m */; settings = {ASSET_TAGS = (); }; };
		E72709291BC528C30020C0FD /* bg1@2x.png in Resources */ = {isa = PBXBuildFile; fileRef = E72709251BC528C30020C0FD /* bg1@2x.png */; settings = {ASSET_TAGS = (); }; };
		E727092A1BC528C30020C0FD /* bg2@2x.png in Resources */ = {isa = PBXBuildFile; fileRef = E72709261BC528C30020C0FD /* bg2@2x.png */; settings = {ASSET_TAGS = (); }; };
		E727092B1BC528C30020C0FD /* bg3@2x.png in Resources */ = {isa = PBXBuildFile; fileRef = E72709271BC528C30020C0FD /* bg3@2x.png */; settings = {ASSET_TAGS = (); }; };
		E727092C1BC528C30020C0FD /* bg4@2x.png in Resources */ = {isa = PBXBuildFile; fileRef = E72709281BC528C30020C0FD /* bg4@2x.png */; settings = {ASSET_TAGS = (); }; };
		E727092E1BC52BBB0020C0FD /* SystemConfiguration.framework in Frameworks */ = {isa = PBXBuildFile; fileRef = E727092D1BC52BBB0020C0FD /* SystemConfiguration.framework */; };
		E72709311BC52C370020C0FD /* DetailProjectController.m in Sources */ = {isa = PBXBuildFile; fileRef = E72709301BC52C370020C0FD /* DetailProjectController.m */; settings = {ASSET_TAGS = (); }; };
		E73570761BB3CA3400555A28 /* main.m in Sources */ = {isa = PBXBuildFile; fileRef = E73570751BB3CA3400555A28 /* main.m */; };
		E735707F1BB3CA3400555A28 /* Main.storyboard in Resources */ = {isa = PBXBuildFile; fileRef = E735707D1BB3CA3400555A28 /* Main.storyboard */; };
		E73570811BB3CA3400555A28 /* Images.xcassets in Resources */ = {isa = PBXBuildFile; fileRef = E73570801BB3CA3400555A28 /* Images.xcassets */; };
		E73570841BB3CA3400555A28 /* LaunchScreen.xib in Resources */ = {isa = PBXBuildFile; fileRef = E73570821BB3CA3400555A28 /* LaunchScreen.xib */; };
		E73570A01BB3CAB000555A28 /* AppDelegate.m in Sources */ = {isa = PBXBuildFile; fileRef = E735709D1BB3CAB000555A28 /* AppDelegate.m */; };
		E73570A11BB3CAB000555A28 /* HomeViewController.m in Sources */ = {isa = PBXBuildFile; fileRef = E735709F1BB3CAB000555A28 /* HomeViewController.m */; };
		E73570AD1BB3CC1D00555A28 /* MMDrawerBarButtonItem.m in Sources */ = {isa = PBXBuildFile; fileRef = E73570A51BB3CC1D00555A28 /* MMDrawerBarButtonItem.m */; };
		E73570AE1BB3CC1D00555A28 /* MMDrawerController.m in Sources */ = {isa = PBXBuildFile; fileRef = E73570A81BB3CC1D00555A28 /* MMDrawerController.m */; };
		E73570AF1BB3CC1D00555A28 /* MMDrawerVisualState.m in Sources */ = {isa = PBXBuildFile; fileRef = E73570AA1BB3CC1D00555A28 /* MMDrawerVisualState.m */; };
		E73570B01BB3CC1D00555A28 /* UIViewController+MMDrawerController.m in Sources */ = {isa = PBXBuildFile; fileRef = E73570AC1BB3CC1D00555A28 /* UIViewController+MMDrawerController.m */; };
		E73570B31BB3CC8700555A28 /* MenuViewController.m in Sources */ = {isa = PBXBuildFile; fileRef = E73570B21BB3CC8700555A28 /* MenuViewController.m */; };
		E73570B61BB3CEE800555A28 /* ProjectViewController.m in Sources */ = {isa = PBXBuildFile; fileRef = E73570B51BB3CEE800555A28 /* ProjectViewController.m */; };
		E73570B81BB3D21100555A28 /* CaviarDreams.ttf in Resources */ = {isa = PBXBuildFile; fileRef = E73570B71BB3D21100555A28 /* CaviarDreams.ttf */; };
		E73570BA1BB3D21900555A28 /* Caviar_Dreams_Bold.ttf in Resources */ = {isa = PBXBuildFile; fileRef = E73570B91BB3D21900555A28 /* Caviar_Dreams_Bold.ttf */; };
		E77BA1661BB418DC00979BEB /* SideViewimage.jpg in Resources */ = {isa = PBXBuildFile; fileRef = E77BA1651BB418DC00979BEB /* SideViewimage.jpg */; };
		E77BA1691BB41DE600979BEB /* UIImage+ImageEffects.m in Sources */ = {isa = PBXBuildFile; fileRef = E77BA1681BB41DE600979BEB /* UIImage+ImageEffects.m */; };
		E77BA16B1BB4259B00979BEB /* images.jpeg in Resources */ = {isa = PBXBuildFile; fileRef = E77BA16A1BB4259B00979BEB /* images.jpeg */; };
		E77BA16D1BB4266600979BEB /* peach.jpeg in Resources */ = {isa = PBXBuildFile; fileRef = E77BA16C1BB4266600979BEB /* peach.jpeg */; };
		E77BA16F1BB426FD00979BEB /* peachCake.jpeg in Resources */ = {isa = PBXBuildFile; fileRef = E77BA16E1BB426FD00979BEB /* peachCake.jpeg */; };
/* End PBXBuildFile section */

/* Begin PBXFileReference section */
		E727091E1BC528880020C0FD /* EAIntroPage.h */ = {isa = PBXFileReference; fileEncoding = 4; lastKnownFileType = sourcecode.c.h; path = EAIntroPage.h; sourceTree = "<group>"; };
		E727091F1BC528880020C0FD /* EAIntroPage.m */ = {isa = PBXFileReference; fileEncoding = 4; lastKnownFileType = sourcecode.c.objc; path = EAIntroPage.m; sourceTree = "<group>"; };
		E72709201BC528880020C0FD /* EAIntroView.h */ = {isa = PBXFileReference; fileEncoding = 4; lastKnownFileType = sourcecode.c.h; path = EAIntroView.h; sourceTree = "<group>"; };
		E72709211BC528880020C0FD /* EAIntroView.m */ = {isa = PBXFileReference; fileEncoding = 4; lastKnownFileType = sourcecode.c.objc; path = EAIntroView.m; sourceTree = "<group>"; };
		E72709251BC528C30020C0FD /* bg1@2x.png */ = {isa = PBXFileReference; lastKnownFileType = image.png; path = "bg1@2x.png"; sourceTree = "<group>"; };
		E72709261BC528C30020C0FD /* bg2@2x.png */ = {isa = PBXFileReference; lastKnownFileType = image.png; path = "bg2@2x.png"; sourceTree = "<group>"; };
		E72709271BC528C30020C0FD /* bg3@2x.png */ = {isa = PBXFileReference; lastKnownFileType = image.png; path = "bg3@2x.png"; sourceTree = "<group>"; };
		E72709281BC528C30020C0FD /* bg4@2x.png */ = {isa = PBXFileReference; lastKnownFileType = image.png; path = "bg4@2x.png"; sourceTree = "<group>"; };
		E727092D1BC52BBB0020C0FD /* SystemConfiguration.framework */ = {isa = PBXFileReference; lastKnownFileType = wrapper.framework; name = SystemConfiguration.framework; path = System/Library/Frameworks/SystemConfiguration.framework; sourceTree = SDKROOT; };
		E727092F1BC52C370020C0FD /* DetailProjectController.h */ = {isa = PBXFileReference; fileEncoding = 4; lastKnownFileType = sourcecode.c.h; name = DetailProjectController.h; path = Controller/DetailProjectController.h; sourceTree = "<group>"; };
		E72709301BC52C370020C0FD /* DetailProjectController.m */ = {isa = PBXFileReference; fileEncoding = 4; lastKnownFileType = sourcecode.c.objc; name = DetailProjectController.m; path = Controller/DetailProjectController.m; sourceTree = "<group>"; };
		E73570701BB3CA3400555A28 /* BaseApp.app */ = {isa = PBXFileReference; explicitFileType = wrapper.application; includeInIndex = 0; path = BaseApp.app; sourceTree = BUILT_PRODUCTS_DIR; };
		E73570741BB3CA3400555A28 /* Info.plist */ = {isa = PBXFileReference; lastKnownFileType = text.plist.xml; path = Info.plist; sourceTree = "<group>"; };
		E73570751BB3CA3400555A28 /* main.m */ = {isa = PBXFileReference; lastKnownFileType = sourcecode.c.objc; path = main.m; sourceTree = "<group>"; };
		E735707E1BB3CA3400555A28 /* Base */ = {isa = PBXFileReference; lastKnownFileType = file.storyboard; name = Base; path = Base.lproj/Main.storyboard; sourceTree = "<group>"; };
		E73570801BB3CA3400555A28 /* Images.xcassets */ = {isa = PBXFileReference; lastKnownFileType = folder.assetcatalog; path = Images.xcassets; sourceTree = "<group>"; };
		E73570831BB3CA3400555A28 /* Base */ = {isa = PBXFileReference; lastKnownFileType = file.xib; name = Base; path = Base.lproj/LaunchScreen.xib; sourceTree = "<group>"; };
		E735708E1BB3CA3400555A28 /* Info.plist */ = {isa = PBXFileReference; lastKnownFileType = text.plist.xml; path = Info.plist; sourceTree = "<group>"; };
		E735708F1BB3CA3400555A28 /* BaseAppTests.m */ = {isa = PBXFileReference; lastKnownFileType = sourcecode.c.objc; path = BaseAppTests.m; sourceTree = "<group>"; };
		E735709C1BB3CAB000555A28 /* AppDelegate.h */ = {isa = PBXFileReference; fileEncoding = 4; lastKnownFileType = sourcecode.c.h; name = AppDelegate.h; path = Controller/AppDelegate.h; sourceTree = "<group>"; };
		E735709D1BB3CAB000555A28 /* AppDelegate.m */ = {isa = PBXFileReference; fileEncoding = 4; lastKnownFileType = sourcecode.c.objc; name = AppDelegate.m; path = Controller/AppDelegate.m; sourceTree = "<group>"; };
		E735709E1BB3CAB000555A28 /* HomeViewController.h */ = {isa = PBXFileReference; fileEncoding = 4; lastKnownFileType = sourcecode.c.h; name = HomeViewController.h; path = Controller/HomeViewController.h; sourceTree = "<group>"; };
		E735709F1BB3CAB000555A28 /* HomeViewController.m */ = {isa = PBXFileReference; fileEncoding = 4; lastKnownFileType = sourcecode.c.objc; name = HomeViewController.m; path = Controller/HomeViewController.m; sourceTree = "<group>"; };
		E73570A41BB3CC1D00555A28 /* MMDrawerBarButtonItem.h */ = {isa = PBXFileReference; fileEncoding = 4; lastKnownFileType = sourcecode.c.h; path = MMDrawerBarButtonItem.h; sourceTree = "<group>"; };
		E73570A51BB3CC1D00555A28 /* MMDrawerBarButtonItem.m */ = {isa = PBXFileReference; fileEncoding = 4; lastKnownFileType = sourcecode.c.objc; path = MMDrawerBarButtonItem.m; sourceTree = "<group>"; };
		E73570A61BB3CC1D00555A28 /* MMDrawerController+Subclass.h */ = {isa = PBXFileReference; fileEncoding = 4; lastKnownFileType = sourcecode.c.h; path = "MMDrawerController+Subclass.h"; sourceTree = "<group>"; };
		E73570A71BB3CC1D00555A28 /* MMDrawerController.h */ = {isa = PBXFileReference; fileEncoding = 4; lastKnownFileType = sourcecode.c.h; path = MMDrawerController.h; sourceTree = "<group>"; };
		E73570A81BB3CC1D00555A28 /* MMDrawerController.m */ = {isa = PBXFileReference; fileEncoding = 4; lastKnownFileType = sourcecode.c.objc; path = MMDrawerController.m; sourceTree = "<group>"; };
		E73570A91BB3CC1D00555A28 /* MMDrawerVisualState.h */ = {isa = PBXFileReference; fileEncoding = 4; lastKnownFileType = sourcecode.c.h; path = MMDrawerVisualState.h; sourceTree = "<group>"; };
		E73570AA1BB3CC1D00555A28 /* MMDrawerVisualState.m */ = {isa = PBXFileReference; fileEncoding = 4; lastKnownFileType = sourcecode.c.objc; path = MMDrawerVisualState.m; sourceTree = "<group>"; };
		E73570AB1BB3CC1D00555A28 /* UIViewController+MMDrawerController.h */ = {isa = PBXFileReference; fileEncoding = 4; lastKnownFileType = sourcecode.c.h; path = "UIViewController+MMDrawerController.h"; sourceTree = "<group>"; };
		E73570AC1BB3CC1D00555A28 /* UIViewController+MMDrawerController.m */ = {isa = PBXFileReference; fileEncoding = 4; lastKnownFileType = sourcecode.c.objc; path = "UIViewController+MMDrawerController.m"; sourceTree = "<group>"; };
		E73570B11BB3CC8700555A28 /* MenuViewController.h */ = {isa = PBXFileReference; fileEncoding = 4; lastKnownFileType = sourcecode.c.h; name = MenuViewController.h; path = Controller/MenuViewController.h; sourceTree = "<group>"; };
		E73570B21BB3CC8700555A28 /* MenuViewController.m */ = {isa = PBXFileReference; fileEncoding = 4; lastKnownFileType = sourcecode.c.objc; name = MenuViewController.m; path = Controller/MenuViewController.m; sourceTree = "<group>"; };
		E73570B41BB3CEE800555A28 /* ProjectViewController.h */ = {isa = PBXFileReference; fileEncoding = 4; lastKnownFileType = sourcecode.c.h; name = ProjectViewController.h; path = Controller/ProjectViewController.h; sourceTree = "<group>"; };
		E73570B51BB3CEE800555A28 /* ProjectViewController.m */ = {isa = PBXFileReference; fileEncoding = 4; lastKnownFileType = sourcecode.c.objc; name = ProjectViewController.m; path = Controller/ProjectViewController.m; sourceTree = "<group>"; };
		E73570B71BB3D21100555A28 /* CaviarDreams.ttf */ = {isa = PBXFileReference; lastKnownFileType = file; path = CaviarDreams.ttf; sourceTree = "<group>"; };
		E73570B91BB3D21900555A28 /* Caviar_Dreams_Bold.ttf */ = {isa = PBXFileReference; lastKnownFileType = file; path = Caviar_Dreams_Bold.ttf; sourceTree = "<group>"; };
		E73570BB1BB3DA0100555A28 /* BaseApp-Prefix.pch */ = {isa = PBXFileReference; lastKnownFileType = sourcecode.c.h; name = "BaseApp-Prefix.pch"; path = "BaseApp/BaseApp-Prefix.pch"; sourceTree = SOURCE_ROOT; };
		E73570BC1BB3DB0C00555A28 /* Constants.h */ = {isa = PBXFileReference; lastKnownFileType = sourcecode.c.h; path = Constants.h; sourceTree = "<group>"; };
		E77BA1651BB418DC00979BEB /* SideViewimage.jpg */ = {isa = PBXFileReference; lastKnownFileType = image.jpeg; path = SideViewimage.jpg; sourceTree = "<group>"; };
		E77BA1671BB41DE600979BEB /* UIImage+ImageEffects.h */ = {isa = PBXFileReference; fileEncoding = 4; lastKnownFileType = sourcecode.c.h; path = "UIImage+ImageEffects.h"; sourceTree = "<group>"; };
		E77BA1681BB41DE600979BEB /* UIImage+ImageEffects.m */ = {isa = PBXFileReference; fileEncoding = 4; lastKnownFileType = sourcecode.c.objc; path = "UIImage+ImageEffects.m"; sourceTree = "<group>"; };
		E77BA16A1BB4259B00979BEB /* images.jpeg */ = {isa = PBXFileReference; lastKnownFileType = image.jpeg; path = images.jpeg; sourceTree = "<group>"; };
		E77BA16C1BB4266600979BEB /* peach.jpeg */ = {isa = PBXFileReference; lastKnownFileType = image.jpeg; path = peach.jpeg; sourceTree = "<group>"; };
		E77BA16E1BB426FD00979BEB /* peachCake.jpeg */ = {isa = PBXFileReference; lastKnownFileType = image.jpeg; path = peachCake.jpeg; sourceTree = "<group>"; };
/* End PBXFileReference section */

/* Begin PBXFrameworksBuildPhase section */
		E735706D1BB3CA3400555A28 /* Frameworks */ = {
			isa = PBXFrameworksBuildPhase;
			buildActionMask = 2147483647;
			files = (
				E727092E1BC52BBB0020C0FD /* SystemConfiguration.framework in Frameworks */,
			);
			runOnlyForDeploymentPostprocessing = 0;
		};
/* End PBXFrameworksBuildPhase section */

/* Begin PBXGroup section */
		E727091D1BC528880020C0FD /* EAIntroView */ = {
			isa = PBXGroup;
			children = (
				E727091E1BC528880020C0FD /* EAIntroPage.h */,
				E727091F1BC528880020C0FD /* EAIntroPage.m */,
				E72709201BC528880020C0FD /* EAIntroView.h */,
				E72709211BC528880020C0FD /* EAIntroView.m */,
			);
			path = EAIntroView;
			sourceTree = "<group>";
		};
		E72709241BC528960020C0FD /* images */ = {
			isa = PBXGroup;
			children = (
				E77BA16C1BB4266600979BEB /* peach.jpeg */,
				E77BA16E1BB426FD00979BEB /* peachCake.jpeg */,
				E77BA16A1BB4259B00979BEB /* images.jpeg */,
				E77BA1651BB418DC00979BEB /* SideViewimage.jpg */,
				E72709251BC528C30020C0FD /* bg1@2x.png */,
				E72709261BC528C30020C0FD /* bg2@2x.png */,
				E72709271BC528C30020C0FD /* bg3@2x.png */,
				E72709281BC528C30020C0FD /* bg4@2x.png */,
			);
			name = images;
			sourceTree = "<group>";
		};
		E73570671BB3CA3400555A28 = {
			isa = PBXGroup;
			children = (
				E73570721BB3CA3400555A28 /* BaseApp */,
				E735708C1BB3CA3400555A28 /* BaseAppTests */,
				E73570711BB3CA3400555A28 /* Products */,
			);
			sourceTree = "<group>";
		};
		E73570711BB3CA3400555A28 /* Products */ = {
			isa = PBXGroup;
			children = (
				E73570701BB3CA3400555A28 /* BaseApp.app */,
			);
			name = Products;
			sourceTree = "<group>";
		};
		E73570721BB3CA3400555A28 /* BaseApp */ = {
			isa = PBXGroup;
			children = (
				E73570A21BB3CC1000555A28 /* Modals */,
				E73570991BB3CA3C00555A28 /* Controller */,
				E735709A1BB3CA4300555A28 /* Views */,
				E73570801BB3CA3400555A28 /* Images.xcassets */,
				E73570731BB3CA3400555A28 /* Supporting Files */,
			);
			path = BaseApp;
			sourceTree = "<group>";
		};
		E73570731BB3CA3400555A28 /* Supporting Files */ = {
			isa = PBXGroup;
			children = (
				E727092D1BC52BBB0020C0FD /* SystemConfiguration.framework */,
				E72709241BC528960020C0FD /* images */,
				E73570BB1BB3DA0100555A28 /* BaseApp-Prefix.pch */,
				E73570B91BB3D21900555A28 /* Caviar_Dreams_Bold.ttf */,
				E73570B71BB3D21100555A28 /* CaviarDreams.ttf */,
				E73570741BB3CA3400555A28 /* Info.plist */,
				E73570751BB3CA3400555A28 /* main.m */,
			);
			name = "Supporting Files";
			sourceTree = "<group>";
		};
		E735708C1BB3CA3400555A28 /* BaseAppTests */ = {
			isa = PBXGroup;
			children = (
				E735708F1BB3CA3400555A28 /* BaseAppTests.m */,
				E735708D1BB3CA3400555A28 /* Supporting Files */,
			);
			path = BaseAppTests;
			sourceTree = "<group>";
		};
		E735708D1BB3CA3400555A28 /* Supporting Files */ = {
			isa = PBXGroup;
			children = (
				E735708E1BB3CA3400555A28 /* Info.plist */,
			);
			name = "Supporting Files";
			sourceTree = "<group>";
		};
		E73570991BB3CA3C00555A28 /* Controller */ = {
			isa = PBXGroup;
			children = (
				E735709C1BB3CAB000555A28 /* AppDelegate.h */,
				E735709D1BB3CAB000555A28 /* AppDelegate.m */,
				E735709E1BB3CAB000555A28 /* HomeViewController.h */,
				E735709F1BB3CAB000555A28 /* HomeViewController.m */,
				E73570B11BB3CC8700555A28 /* MenuViewController.h */,
				E73570B21BB3CC8700555A28 /* MenuViewController.m */,
				E73570B41BB3CEE800555A28 /* ProjectViewController.h */,
				E73570B51BB3CEE800555A28 /* ProjectViewController.m */,
				E727092F1BC52C370020C0FD /* DetailProjectController.h */,
				E72709301BC52C370020C0FD /* DetailProjectController.m */,
			);
			name = Controller;
			sourceTree = "<group>";
		};
		E735709A1BB3CA4300555A28 /* Views */ = {
			isa = PBXGroup;
			children = (
				E73570821BB3CA3400555A28 /* LaunchScreen.xib */,
				E735707D1BB3CA3400555A28 /* Main.storyboard */,
			);
			name = Views;
			sourceTree = "<group>";
		};
		E73570A21BB3CC1000555A28 /* Modals */ = {
			isa = PBXGroup;
			children = (
				E727091D1BC528880020C0FD /* EAIntroView */,
				E77BA1671BB41DE600979BEB /* UIImage+ImageEffects.h */,
				E77BA1681BB41DE600979BEB /* UIImage+ImageEffects.m */,
				E73570A31BB3CC1D00555A28 /* MMDrawerController */,
				E73570BC1BB3DB0C00555A28 /* Constants.h */,
			);
			path = Modals;
			sourceTree = "<group>";
		};
		E73570A31BB3CC1D00555A28 /* MMDrawerController */ = {
			isa = PBXGroup;
			children = (
				E73570A41BB3CC1D00555A28 /* MMDrawerBarButtonItem.h */,
				E73570A51BB3CC1D00555A28 /* MMDrawerBarButtonItem.m */,
				E73570A61BB3CC1D00555A28 /* MMDrawerController+Subclass.h */,
				E73570A71BB3CC1D00555A28 /* MMDrawerController.h */,
				E73570A81BB3CC1D00555A28 /* MMDrawerController.m */,
				E73570A91BB3CC1D00555A28 /* MMDrawerVisualState.h */,
				E73570AA1BB3CC1D00555A28 /* MMDrawerVisualState.m */,
				E73570AB1BB3CC1D00555A28 /* UIViewController+MMDrawerController.h */,
				E73570AC1BB3CC1D00555A28 /* UIViewController+MMDrawerController.m */,
			);
			path = MMDrawerController;
			sourceTree = "<group>";
		};
/* End PBXGroup section */

/* Begin PBXNativeTarget section */
		E735706F1BB3CA3400555A28 /* BaseApp */ = {
			isa = PBXNativeTarget;
			buildConfigurationList = E73570931BB3CA3400555A28 /* Build configuration list for PBXNativeTarget "BaseApp" */;
			buildPhases = (
				E735706C1BB3CA3400555A28 /* Sources */,
				E735706D1BB3CA3400555A28 /* Frameworks */,
				E735706E1BB3CA3400555A28 /* Resources */,
			);
			buildRules = (
			);
			dependencies = (
			);
			name = BaseApp;
			productName = BaseApp;
			productReference = E73570701BB3CA3400555A28 /* BaseApp.app */;
			productType = "com.apple.product-type.application";
		};
/* End PBXNativeTarget section */

/* Begin PBXProject section */
		E73570681BB3CA3400555A28 /* Project object */ = {
			isa = PBXProject;
			attributes = {
				LastUpgradeCheck = 0640;
				ORGANIZATIONNAME = "IMI-MAC-01";
				TargetAttributes = {
					E735706F1BB3CA3400555A28 = {
						CreatedOnToolsVersion = 6.4;
						DevelopmentTeam = Q6U6F4C8JP;
					};
				};
			};
			buildConfigurationList = E735706B1BB3CA3400555A28 /* Build configuration list for PBXProject "BaseApp" */;
			compatibilityVersion = "Xcode 3.2";
			developmentRegion = English;
			hasScannedForEncodings = 0;
			knownRegions = (
				en,
				Base,
			);
			mainGroup = E73570671BB3CA3400555A28;
			productRefGroup = E73570711BB3CA3400555A28 /* Products */;
			projectDirPath = "";
			projectRoot = "";
			targets = (
				E735706F1BB3CA3400555A28 /* BaseApp */,
			);
		};
/* End PBXProject section */

/* Begin PBXResourcesBuildPhase section */
		E735706E1BB3CA3400555A28 /* Resources */ = {
			isa = PBXResourcesBuildPhase;
			buildActionMask = 2147483647;
			files = (
				E735707F1BB3CA3400555A28 /* Main.storyboard in Resources */,
				E73570841BB3CA3400555A28 /* LaunchScreen.xib in Resources */,
				E727092A1BC528C30020C0FD /* bg2@2x.png in Resources */,
				E73570BA1BB3D21900555A28 /* Caviar_Dreams_Bold.ttf in Resources */,
				E77BA16B1BB4259B00979BEB /* images.jpeg in Resources */,
				E73570B81BB3D21100555A28 /* CaviarDreams.ttf in Resources */,
				E73570811BB3CA3400555A28 /* Images.xcassets in Resources */,
				E727092B1BC528C30020C0FD /* bg3@2x.png in Resources */,
				E77BA1661BB418DC00979BEB /* SideViewimage.jpg in Resources */,
				E77BA16D1BB4266600979BEB /* peach.jpeg in Resources */,
				E77BA16F1BB426FD00979BEB /* peachCake.jpeg in Resources */,
				E727092C1BC528C30020C0FD /* bg4@2x.png in Resources */,
				E72709291BC528C30020C0FD /* bg1@2x.png in Resources */,
			);
			runOnlyForDeploymentPostprocessing = 0;
		};
/* End PBXResourcesBuildPhase section */

/* Begin PBXSourcesBuildPhase section */
		E735706C1BB3CA3400555A28 /* Sources */ = {
			isa = PBXSourcesBuildPhase;
			buildActionMask = 2147483647;
			files = (
				E72709221BC528880020C0FD /* EAIntroPage.m in Sources */,
				E73570AF1BB3CC1D00555A28 /* MMDrawerVisualState.m in Sources */,
				E73570A11BB3CAB000555A28 /* HomeViewController.m in Sources */,
				E73570B01BB3CC1D00555A28 /* UIViewController+MMDrawerController.m in Sources */,
				E73570B31BB3CC8700555A28 /* MenuViewController.m in Sources */,
				E72709231BC528880020C0FD /* EAIntroView.m in Sources */,
				E73570AE1BB3CC1D00555A28 /* MMDrawerController.m in Sources */,
				E73570AD1BB3CC1D00555A28 /* MMDrawerBarButtonItem.m in Sources */,
				E77BA1691BB41DE600979BEB /* UIImage+ImageEffects.m in Sources */,
				E72709311BC52C370020C0FD /* DetailProjectController.m in Sources */,
				E73570A01BB3CAB000555A28 /* AppDelegate.m in Sources */,
				E73570B61BB3CEE800555A28 /* ProjectViewController.m in Sources */,
				E73570761BB3CA3400555A28 /* main.m in Sources */,
			);
			runOnlyForDeploymentPostprocessing = 0;
		};
/* End PBXSourcesBuildPhase section */

/* Begin PBXVariantGroup section */
		E735707D1BB3CA3400555A28 /* Main.storyboard */ = {
			isa = PBXVariantGroup;
			children = (
				E735707E1BB3CA3400555A28 /* Base */,
			);
			name = Main.storyboard;
			sourceTree = "<group>";
		};
		E73570821BB3CA3400555A28 /* LaunchScreen.xib */ = {
			isa = PBXVariantGroup;
			children = (
				E73570831BB3CA3400555A28 /* Base */,
			);
			name = LaunchScreen.xib;
			sourceTree = "<group>";
		};
/* End PBXVariantGroup section */

/* Begin XCBuildConfiguration section */
		E73570911BB3CA3400555A28 /* Debug */ = {
			isa = XCBuildConfiguration;
			buildSettings = {
				ALWAYS_SEARCH_USER_PATHS = NO;
				CLANG_CXX_LANGUAGE_STANDARD = "gnu++0x";
				CLANG_CXX_LIBRARY = "libc++";
				CLANG_ENABLE_MODULES = YES;
				CLANG_ENABLE_OBJC_ARC = YES;
				CLANG_WARN_BOOL_CONVERSION = YES;
				CLANG_WARN_CONSTANT_CONVERSION = YES;
				CLANG_WARN_DIRECT_OBJC_ISA_USAGE = YES_ERROR;
				CLANG_WARN_EMPTY_BODY = YES;
				CLANG_WARN_ENUM_CONVERSION = YES;
				CLANG_WARN_INT_CONVERSION = YES;
				CLANG_WARN_OBJC_ROOT_CLASS = YES_ERROR;
				CLANG_WARN_UNREACHABLE_CODE = YES;
				CLANG_WARN__DUPLICATE_METHOD_MATCH = YES;
				CODE_SIGN_IDENTITY = "iPhone Developer";
				"CODE_SIGN_IDENTITY[sdk=iphoneos*]" = "iPhone Developer";
				COPY_PHASE_STRIP = NO;
				DEBUG_INFORMATION_FORMAT = "dwarf-with-dsym";
				ENABLE_STRICT_OBJC_MSGSEND = YES;
				GCC_C_LANGUAGE_STANDARD = gnu99;
				GCC_DYNAMIC_NO_PIC = NO;
				GCC_NO_COMMON_BLOCKS = YES;
				GCC_OPTIMIZATION_LEVEL = 0;
				GCC_PREFIX_HEADER = "BaseApp/BaseApp-Prefix.pch";
				GCC_PREPROCESSOR_DEFINITIONS = (
					"DEBUG=1",
					"$(inherited)",
				);
				GCC_SYMBOLS_PRIVATE_EXTERN = NO;
				GCC_WARN_64_TO_32_BIT_CONVERSION = YES;
				GCC_WARN_ABOUT_RETURN_TYPE = YES_ERROR;
				GCC_WARN_UNDECLARED_SELECTOR = YES;
				GCC_WARN_UNINITIALIZED_AUTOS = YES_AGGRESSIVE;
				GCC_WARN_UNUSED_FUNCTION = YES;
				GCC_WARN_UNUSED_VARIABLE = YES;
				IPHONEOS_DEPLOYMENT_TARGET = 8.4;
				MTL_ENABLE_DEBUG_INFO = YES;
				ONLY_ACTIVE_ARCH = YES;
				SDKROOT = iphoneos;
			};
			name = Debug;
		};
		E73570921BB3CA3400555A28 /* Release */ = {
			isa = XCBuildConfiguration;
			buildSettings = {
				ALWAYS_SEARCH_USER_PATHS = NO;
				CLANG_CXX_LANGUAGE_STANDARD = "gnu++0x";
				CLANG_CXX_LIBRARY = "libc++";
				CLANG_ENABLE_MODULES = YES;
				CLANG_ENABLE_OBJC_ARC = YES;
				CLANG_WARN_BOOL_CONVERSION = YES;
				CLANG_WARN_CONSTANT_CONVERSION = YES;
				CLANG_WARN_DIRECT_OBJC_ISA_USAGE = YES_ERROR;
				CLANG_WARN_EMPTY_BODY = YES;
				CLANG_WARN_ENUM_CONVERSION = YES;
				CLANG_WARN_INT_CONVERSION = YES;
				CLANG_WARN_OBJC_ROOT_CLASS = YES_ERROR;
				CLANG_WARN_UNREACHABLE_CODE = YES;
				CLANG_WARN__DUPLICATE_METHOD_MATCH = YES;
				CODE_SIGN_IDENTITY = "iPhone Developer";
				"CODE_SIGN_IDENTITY[sdk=iphoneos*]" = "iPhone Developer";
				COPY_PHASE_STRIP = NO;
				DEBUG_INFORMATION_FORMAT = "dwarf-with-dsym";
				ENABLE_NS_ASSERTIONS = NO;
				ENABLE_STRICT_OBJC_MSGSEND = YES;
				GCC_C_LANGUAGE_STANDARD = gnu99;
				GCC_NO_COMMON_BLOCKS = YES;
				GCC_PREFIX_HEADER = "BaseApp/BaseApp-Prefix.pch";
				GCC_WARN_64_TO_32_BIT_CONVERSION = YES;
				GCC_WARN_ABOUT_RETURN_TYPE = YES_ERROR;
				GCC_WARN_UNDECLARED_SELECTOR = YES;
				GCC_WARN_UNINITIALIZED_AUTOS = YES_AGGRESSIVE;
				GCC_WARN_UNUSED_FUNCTION = YES;
				GCC_WARN_UNUSED_VARIABLE = YES;
				IPHONEOS_DEPLOYMENT_TARGET = 8.4;
				MTL_ENABLE_DEBUG_INFO = NO;
				SDKROOT = iphoneos;
				VALIDATE_PRODUCT = YES;
			};
			name = Release;
		};
		E73570941BB3CA3400555A28 /* Debug */ = {
			isa = XCBuildConfiguration;
			buildSettings = {
				ASSETCATALOG_COMPILER_APPICON_NAME = AppIcon;
				CODE_SIGN_IDENTITY = "iPhone Developer";
				"CODE_SIGN_IDENTITY[sdk=iphoneos*]" = "iPhone Developer";
				GCC_PREFIX_HEADER = "BaseApp/BaseApp-Prefix.pch";
				INFOPLIST_FILE = BaseApp/Info.plist;
				LD_RUNPATH_SEARCH_PATHS = "$(inherited) @executable_path/Frameworks";
				PRODUCT_NAME = "$(TARGET_NAME)";
				PROVISIONING_PROFILE = "";
			};
			name = Debug;
		};
		E73570951BB3CA3400555A28 /* Release */ = {
			isa = XCBuildConfiguration;
			buildSettings = {
				ASSETCATALOG_COMPILER_APPICON_NAME = AppIcon;
				CODE_SIGN_IDENTITY = "iPhone Developer";
				"CODE_SIGN_IDENTITY[sdk=iphoneos*]" = "iPhone Developer";
				GCC_PREFIX_HEADER = "BaseApp/BaseApp-Prefix.pch";
				INFOPLIST_FILE = BaseApp/Info.plist;
				LD_RUNPATH_SEARCH_PATHS = "$(inherited) @executable_path/Frameworks";
				PRODUCT_NAME = "$(TARGET_NAME)";
				PROVISIONING_PROFILE = "";
			};
			name = Release;
		};
/* End XCBuildConfiguration section */

/* Begin XCConfigurationList section */
		E735706B1BB3CA3400555A28 /* Build configuration list for PBXProject "BaseApp" */ = {
			isa = XCConfigurationList;
			buildConfigurations = (
				E73570911BB3CA3400555A28 /* Debug */,
				E73570921BB3CA3400555A28 /* Release */,
			);
			defaultConfigurationIsVisible = 0;
			defaultConfigurationName = Release;
		};
		E73570931BB3CA3400555A28 /* Build configuration list for PBXNativeTarget "BaseApp" */ = {
			isa = XCConfigurationList;
			buildConfigurations = (
				E73570941BB3CA3400555A28 /* Debug */,
				E73570951BB3CA3400555A28 /* Release */,
			);
			defaultConfigurationIsVisible = 0;
			defaultConfigurationName = Release;
		};
/* End XCConfigurationList section */
	};
	rootObject = E73570681BB3CA3400555A28 /* Project object */;
}
